
Microsoft Visual Studio Solution File, Format Version 12.00
# Visual Studio Version 17
VisualStudioVersion = 17.7.34202.233
MinimumVisualStudioVersion = 10.0.40219.1
Project("{9A19103F-16F7-4668-BE54-9A1E7A4F7556}") = "MovieDBMS", "MovieDBMS\MovieDBMS.csproj", "{E53F2DCF-B0C7-4767-9084-EEFE99BDE194}"
EndProject
Project("{FAE04EC0-301F-11D3-BF4B-00C04F79EFBC}") = "Database", "Database\Database.csproj", "{C168D764-FF21-4521-A748-6C494D5942AA}"
EndProject
Global
	GlobalSection(SolutionConfigurationPlatforms) = preSolution
		Debug|Any CPU = Debug|Any CPU
		Release|Any CPU = Release|Any CPU
	EndGlobalSection
	GlobalSection(ProjectConfigurationPlatforms) = postSolution
		{E53F2DCF-B0C7-4767-9084-EEFE99BDE194}.Debug|Any CPU.ActiveCfg = Debug|Any CPU
		{E53F2DCF-B0C7-4767-9084-EEFE99BDE194}.Debug|Any CPU.Build.0 = Debug|Any CPU
		{E53F2DCF-B0C7-4767-9084-EEFE99BDE194}.Release|Any CPU.ActiveCfg = Release|Any CPU
		{E53F2DCF-B0C7-4767-9084-EEFE99BDE194}.Release|Any CPU.Build.0 = Release|Any CPU
		{C168D764-FF21-4521-A748-6C494D5942AA}.Debug|Any CPU.ActiveCfg = Debug|Any CPU
		{C168D764-FF21-4521-A748-6C494D5942AA}.Debug|Any CPU.Build.0 = Debug|Any CPU
		{C168D764-FF21-4521-A748-6C494D5942AA}.Release|Any CPU.ActiveCfg = Release|Any CPU
		{C168D764-FF21-4521-A748-6C494D5942AA}.Release|Any CPU.Build.0 = Release|Any CPU
	EndGlobalSection
	GlobalSection(SolutionProperties) = preSolution
		HideSolutionNode = FALSE
	EndGlobalSection
	GlobalSection(ExtensibilityGlobals) = postSolution
		SolutionGuid = {FB4A85DA-E726-463F-ABF5-CD8A97739CDB}
	EndGlobalSection
EndGlobal
