
Microsoft Visual Studio Solution File, Format Version 12.00
# Visual Studio Version 17
VisualStudioVersion = 17.7.34202.233
MinimumVisualStudioVersion = 10.0.40219.1
Project("{FAE04EC0-301F-11D3-BF4B-00C04F79EFBC}") = "BSwD Sample Midterm 1", "BSwD Sample Midterm 1\BSwD Sample Midterm 1.csproj", "{32E7BD26-D11A-4BBE-B859-D6330AA5BBB2}"
EndProject
Global
	GlobalSection(SolutionConfigurationPlatforms) = preSolution
		Debug|Any CPU = Debug|Any CPU
		Release|Any CPU = Release|Any CPU
	EndGlobalSection
	GlobalSection(ProjectConfigurationPlatforms) = postSolution
		{32E7BD26-D11A-4BBE-B859-D6330AA5BBB2}.Debug|Any CPU.ActiveCfg = Debug|Any CPU
		{32E7BD26-D11A-4BBE-B859-D6330AA5BBB2}.Debug|Any CPU.Build.0 = Debug|Any CPU
		{32E7BD26-D11A-4BBE-B859-D6330AA5BBB2}.Release|Any CPU.ActiveCfg = Release|Any CPU
		{32E7BD26-D11A-4BBE-B859-D6330AA5BBB2}.Release|Any CPU.Build.0 = Release|Any CPU
	EndGlobalSection
	GlobalSection(SolutionProperties) = preSolution
		HideSolutionNode = FALSE
	EndGlobalSection
	GlobalSection(ExtensibilityGlobals) = postSolution
		SolutionGuid = {84B98851-3E2B-47CF-8A7D-8D3F0B835884}
	EndGlobalSection
EndGlobal
